
Microsoft Visual Studio Solution File, Format Version 12.00
# Visual Studio 15
VisualStudioVersion = 15.0.28307.168
MinimumVisualStudioVersion = 10.0.40219.1
Project("{9A19103F-16F7-4668-BE54-9A1E7A4F7556}") = "Note.Api", "src-back\Note.Api\Note.Api.csproj", "{F899DA21-27DB-48FD-A1CB-7FE0FD13385B}"
EndProject
Project("{9A19103F-16F7-4668-BE54-9A1E7A4F7556}") = "Note.Core", "src-back\Note.Core\Note.Core.csproj", "{0C7DEB00-C2EF-479D-9E74-C820A2FD7E29}"
EndProject
Project("{9A19103F-16F7-4668-BE54-9A1E7A4F7556}") = "Note.Infra", "src-back\Note.Infra\Note.Infra.csproj", "{CA2D8E4D-CB59-4E3B-9444-241D7B3E6240}"
EndProject
Project("{2150E333-8FDC-42A3-9474-1A3956D46DE8}") = "Backend", "Backend", "{68C4F490-5DE3-4F0A-BD2C-3D02D2D6F35B}"
EndProject
Project("{2150E333-8FDC-42A3-9474-1A3956D46DE8}") = "Tests", "Tests", "{FB6997EB-6DD5-4485-98C9-CB8063D03097}"
EndProject
Project("{2150E333-8FDC-42A3-9474-1A3956D46DE8}") = "Frontend", "Frontend", "{95AAA838-A4E0-4E71-9448-277AC61FF5C7}"
EndProject
Project("{9A19103F-16F7-4668-BE54-9A1E7A4F7556}") = "VueApp", "src-front\VueApp\VueApp.csproj", "{38DDAC25-2E01-4FFB-94D8-5B799D7EC778}"
EndProject
Global
	GlobalSection(SolutionConfigurationPlatforms) = preSolution
		Debug|Any CPU = Debug|Any CPU
		Release|Any CPU = Release|Any CPU
	EndGlobalSection
	GlobalSection(ProjectConfigurationPlatforms) = postSolution
		{F899DA21-27DB-48FD-A1CB-7FE0FD13385B}.Debug|Any CPU.ActiveCfg = Debug|Any CPU
		{F899DA21-27DB-48FD-A1CB-7FE0FD13385B}.Debug|Any CPU.Build.0 = Debug|Any CPU
		{F899DA21-27DB-48FD-A1CB-7FE0FD13385B}.Release|Any CPU.ActiveCfg = Release|Any CPU
		{F899DA21-27DB-48FD-A1CB-7FE0FD13385B}.Release|Any CPU.Build.0 = Release|Any CPU
		{0C7DEB00-C2EF-479D-9E74-C820A2FD7E29}.Debug|Any CPU.ActiveCfg = Debug|Any CPU
		{0C7DEB00-C2EF-479D-9E74-C820A2FD7E29}.Debug|Any CPU.Build.0 = Debug|Any CPU
		{0C7DEB00-C2EF-479D-9E74-C820A2FD7E29}.Release|Any CPU.ActiveCfg = Release|Any CPU
		{0C7DEB00-C2EF-479D-9E74-C820A2FD7E29}.Release|Any CPU.Build.0 = Release|Any CPU
		{CA2D8E4D-CB59-4E3B-9444-241D7B3E6240}.Debug|Any CPU.ActiveCfg = Debug|Any CPU
		{CA2D8E4D-CB59-4E3B-9444-241D7B3E6240}.Debug|Any CPU.Build.0 = Debug|Any CPU
		{CA2D8E4D-CB59-4E3B-9444-241D7B3E6240}.Release|Any CPU.ActiveCfg = Release|Any CPU
		{CA2D8E4D-CB59-4E3B-9444-241D7B3E6240}.Release|Any CPU.Build.0 = Release|Any CPU
		{38DDAC25-2E01-4FFB-94D8-5B799D7EC778}.Debug|Any CPU.ActiveCfg = Debug|Any CPU
		{38DDAC25-2E01-4FFB-94D8-5B799D7EC778}.Debug|Any CPU.Build.0 = Debug|Any CPU
		{38DDAC25-2E01-4FFB-94D8-5B799D7EC778}.Release|Any CPU.ActiveCfg = Release|Any CPU
		{38DDAC25-2E01-4FFB-94D8-5B799D7EC778}.Release|Any CPU.Build.0 = Release|Any CPU
	EndGlobalSection
	GlobalSection(SolutionProperties) = preSolution
		HideSolutionNode = FALSE
	EndGlobalSection
	GlobalSection(NestedProjects) = preSolution
		{F899DA21-27DB-48FD-A1CB-7FE0FD13385B} = {68C4F490-5DE3-4F0A-BD2C-3D02D2D6F35B}
		{0C7DEB00-C2EF-479D-9E74-C820A2FD7E29} = {68C4F490-5DE3-4F0A-BD2C-3D02D2D6F35B}
		{CA2D8E4D-CB59-4E3B-9444-241D7B3E6240} = {68C4F490-5DE3-4F0A-BD2C-3D02D2D6F35B}
		{38DDAC25-2E01-4FFB-94D8-5B799D7EC778} = {95AAA838-A4E0-4E71-9448-277AC61FF5C7}
	EndGlobalSection
	GlobalSection(ExtensibilityGlobals) = postSolution
		SolutionGuid = {731BC7B5-C8CB-4009-A959-20056DF71823}
	EndGlobalSection
EndGlobal
